# This file is autogenerated, do not edit; changes may be undone by the next 'dep ensure'.


[[projects]]
  branch = "master"
  name = "github.com/lucasb-eyer/go-colorful"
  packages = ["."]
  revision = "231272389856c976b7500c4fffcc52ddf06ff4eb"

[[projects]]
  name = "github.com/mattn/go-runewidth"
  packages = ["."]
  revision = "9e777a8366cce605130a531d2cd6363d07ad7317"
  version = "v0.0.2"

[[projects]]
  branch = "master"
  name = "github.com/nsf/termbox-go"
  packages = ["."]
  revision = "aa4a75b1c20a2b03751b1a9f7e41d58bd6f71c43"

[[projects]]
  branch = "master"
  name = "github.com/tomnz/button-shim-go"
  packages = ["."]
  revision = "bd92ee8a95e73aee95d98439546a5bdae95f8413"

[[projects]]
  branch = "master"
  name = "github.com/tomnz/scroll-phat-hd-go"
  packages = ["."]
  revision = "196af9d34288ad7113a60b79cc8c945825fc7483"

[[projects]]
  name = "periph.io/x/periph"
  packages = [".","conn","conn/gpio","conn/gpio/gpioreg","conn/i2c","conn/i2c/i2creg","conn/pin","conn/pin/pinreg","conn/spi","conn/spi/spireg","devices","host","host/allwinner","host/bcm283x","host/chip","host/cpu","host/distro","host/fs","host/odroidc1","host/pine64","host/pmem","host/rpi","host/sysfs","host/videocore"]
  revision = "687bb43ba5ad417371dc0d1a1f7189119aafcede"
  version = "v2.0.0"

[solve-meta]
  analyzer-name = "dep"
  analyzer-version = 1
  inputs-digest = "14d6d8d51646359a7bd1b1653968c24089469ca1402e7c7aea1be91c89a4ed2d"
  solver-name = "gps-cdcl"
  solver-version = 1
